
Microsoft Visual Studio Solution File, Format Version 12.00
# Visual Studio Version 17
VisualStudioVersion = 17.8.34309.116
MinimumVisualStudioVersion = 10.0.40219.1
Project("{FAE04EC0-301F-11D3-BF4B-00C04F79EFBC}") = "TanvasTouch_posture", "demoa\TanvasTouch_posture.csproj", "{35B3C71F-99EC-4C1C-841A-B3C25254A32D}"
EndProject
Global
	GlobalSection(SolutionConfigurationPlatforms) = preSolution
		Debug|Any CPU = Debug|Any CPU
		Release|Any CPU = Release|Any CPU
	EndGlobalSection
	GlobalSection(ProjectConfigurationPlatforms) = postSolution
		{35B3C71F-99EC-4C1C-841A-B3C25254A32D}.Debug|Any CPU.ActiveCfg = Debug|Any CPU
		{35B3C71F-99EC-4C1C-841A-B3C25254A32D}.Debug|Any CPU.Build.0 = Debug|Any CPU
		{35B3C71F-99EC-4C1C-841A-B3C25254A32D}.Release|Any CPU.ActiveCfg = Release|Any CPU
		{35B3C71F-99EC-4C1C-841A-B3C25254A32D}.Release|Any CPU.Build.0 = Release|Any CPU
	EndGlobalSection
	GlobalSection(SolutionProperties) = preSolution
		HideSolutionNode = FALSE
	EndGlobalSection
	GlobalSection(ExtensibilityGlobals) = postSolution
		SolutionGuid = {299C62E5-3C94-4D21-A5C2-A8EDA8FFF602}
	EndGlobalSection
EndGlobal
